
Microsoft Visual Studio Solution File, Format Version 12.00
# Visual Studio Version 17
VisualStudioVersion = 17.9.34622.214
MinimumVisualStudioVersion = 10.0.40219.1
Project("{8BC9CEB8-8B4A-11D0-8D11-00A0C91BC942}") = "Bai01", "Bai01\Bai01.vcxproj", "{FF671C2D-193F-42FE-AE01-E16A52CACAEA}"
EndProject
Project("{8BC9CEB8-8B4A-11D0-8D11-00A0C91BC942}") = "Bai02", "Bai02\Bai02.vcxproj", "{71102814-0D4C-4B66-A1F8-047B4D06BCD3}"
EndProject
Project("{8BC9CEB8-8B4A-11D0-8D11-00A0C91BC942}") = "Bai03", "Bai03\Bai03.vcxproj", "{A0AB58BD-4F7A-4069-9811-83F00E81D559}"
EndProject
Project("{8BC9CEB8-8B4A-11D0-8D11-00A0C91BC942}") = "Bai04", "Bai04\Bai04.vcxproj", "{A94D6173-FA1C-4779-AFCA-46D0EACA2E25}"
EndProject
Project("{8BC9CEB8-8B4A-11D0-8D11-00A0C91BC942}") = "Bai05", "Bai05\Bai05.vcxproj", "{6429253D-BF48-4EC5-9334-34515C822A61}"
EndProject
Project("{8BC9CEB8-8B4A-11D0-8D11-00A0C91BC942}") = "Bai06", "Bai06\Bai06.vcxproj", "{12940751-01A8-4257-92DC-3F2EE3411999}"
EndProject
Project("{8BC9CEB8-8B4A-11D0-8D11-00A0C91BC942}") = "Bai07", "Bai07\Bai07.vcxproj", "{97112440-5124-49D2-B7D9-8B541813F5F4}"
EndProject
Project("{8BC9CEB8-8B4A-11D0-8D11-00A0C91BC942}") = "Bai08", "Bai08\Bai08.vcxproj", "{B7DA7B55-21DD-44EF-B3EA-0AD54061EF73}"
EndProject
Project("{8BC9CEB8-8B4A-11D0-8D11-00A0C91BC942}") = "Bai09", "Bai09\Bai09.vcxproj", "{44F48EDA-B58A-410D-9F71-29D046F10861}"
EndProject
Global
	GlobalSection(SolutionConfigurationPlatforms) = preSolution
		Debug|x64 = Debug|x64
		Debug|x86 = Debug|x86
		Release|x64 = Release|x64
		Release|x86 = Release|x86
	EndGlobalSection
	GlobalSection(ProjectConfigurationPlatforms) = postSolution
		{FF671C2D-193F-42FE-AE01-E16A52CACAEA}.Debug|x64.ActiveCfg = Debug|x64
		{FF671C2D-193F-42FE-AE01-E16A52CACAEA}.Debug|x64.Build.0 = Debug|x64
		{FF671C2D-193F-42FE-AE01-E16A52CACAEA}.Debug|x86.ActiveCfg = Debug|Win32
		{FF671C2D-193F-42FE-AE01-E16A52CACAEA}.Debug|x86.Build.0 = Debug|Win32
		{FF671C2D-193F-42FE-AE01-E16A52CACAEA}.Release|x64.ActiveCfg = Release|x64
		{FF671C2D-193F-42FE-AE01-E16A52CACAEA}.Release|x64.Build.0 = Release|x64
		{FF671C2D-193F-42FE-AE01-E16A52CACAEA}.Release|x86.ActiveCfg = Release|Win32
		{FF671C2D-193F-42FE-AE01-E16A52CACAEA}.Release|x86.Build.0 = Release|Win32
		{71102814-0D4C-4B66-A1F8-047B4D06BCD3}.Debug|x64.ActiveCfg = Debug|x64
		{71102814-0D4C-4B66-A1F8-047B4D06BCD3}.Debug|x64.Build.0 = Debug|x64
		{71102814-0D4C-4B66-A1F8-047B4D06BCD3}.Debug|x86.ActiveCfg = Debug|Win32
		{71102814-0D4C-4B66-A1F8-047B4D06BCD3}.Debug|x86.Build.0 = Debug|Win32
		{71102814-0D4C-4B66-A1F8-047B4D06BCD3}.Release|x64.ActiveCfg = Release|x64
		{71102814-0D4C-4B66-A1F8-047B4D06BCD3}.Release|x64.Build.0 = Release|x64
		{71102814-0D4C-4B66-A1F8-047B4D06BCD3}.Release|x86.ActiveCfg = Release|Win32
		{71102814-0D4C-4B66-A1F8-047B4D06BCD3}.Release|x86.Build.0 = Release|Win32
		{A0AB58BD-4F7A-4069-9811-83F00E81D559}.Debug|x64.ActiveCfg = Debug|x64
		{A0AB58BD-4F7A-4069-9811-83F00E81D559}.Debug|x64.Build.0 = Debug|x64
		{A0AB58BD-4F7A-4069-9811-83F00E81D559}.Debug|x86.ActiveCfg = Debug|Win32
		{A0AB58BD-4F7A-4069-9811-83F00E81D559}.Debug|x86.Build.0 = Debug|Win32
		{A0AB58BD-4F7A-4069-9811-83F00E81D559}.Release|x64.ActiveCfg = Release|x64
		{A0AB58BD-4F7A-4069-9811-83F00E81D559}.Release|x64.Build.0 = Release|x64
		{A0AB58BD-4F7A-4069-9811-83F00E81D559}.Release|x86.ActiveCfg = Release|Win32
		{A0AB58BD-4F7A-4069-9811-83F00E81D559}.Release|x86.Build.0 = Release|Win32
		{A94D6173-FA1C-4779-AFCA-46D0EACA2E25}.Debug|x64.ActiveCfg = Debug|x64
		{A94D6173-FA1C-4779-AFCA-46D0EACA2E25}.Debug|x64.Build.0 = Debug|x64
		{A94D6173-FA1C-4779-AFCA-46D0EACA2E25}.Debug|x86.ActiveCfg = Debug|Win32
		{A94D6173-FA1C-4779-AFCA-46D0EACA2E25}.Debug|x86.Build.0 = Debug|Win32
		{A94D6173-FA1C-4779-AFCA-46D0EACA2E25}.Release|x64.ActiveCfg = Release|x64
		{A94D6173-FA1C-4779-AFCA-46D0EACA2E25}.Release|x64.Build.0 = Release|x64
		{A94D6173-FA1C-4779-AFCA-46D0EACA2E25}.Release|x86.ActiveCfg = Release|Win32
		{A94D6173-FA1C-4779-AFCA-46D0EACA2E25}.Release|x86.Build.0 = Release|Win32
		{6429253D-BF48-4EC5-9334-34515C822A61}.Debug|x64.ActiveCfg = Debug|x64
		{6429253D-BF48-4EC5-9334-34515C822A61}.Debug|x64.Build.0 = Debug|x64
		{6429253D-BF48-4EC5-9334-34515C822A61}.Debug|x86.ActiveCfg = Debug|Win32
		{6429253D-BF48-4EC5-9334-34515C822A61}.Debug|x86.Build.0 = Debug|Win32
		{6429253D-BF48-4EC5-9334-34515C822A61}.Release|x64.ActiveCfg = Release|x64
		{6429253D-BF48-4EC5-9334-34515C822A61}.Release|x64.Build.0 = Release|x64
		{6429253D-BF48-4EC5-9334-34515C822A61}.Release|x86.ActiveCfg = Release|Win32
		{6429253D-BF48-4EC5-9334-34515C822A61}.Release|x86.Build.0 = Release|Win32
		{12940751-01A8-4257-92DC-3F2EE3411999}.Debug|x64.ActiveCfg = Debug|x64
		{12940751-01A8-4257-92DC-3F2EE3411999}.Debug|x64.Build.0 = Debug|x64
		{12940751-01A8-4257-92DC-3F2EE3411999}.Debug|x86.ActiveCfg = Debug|Win32
		{12940751-01A8-4257-92DC-3F2EE3411999}.Debug|x86.Build.0 = Debug|Win32
		{12940751-01A8-4257-92DC-3F2EE3411999}.Release|x64.ActiveCfg = Release|x64
		{12940751-01A8-4257-92DC-3F2EE3411999}.Release|x64.Build.0 = Release|x64
		{12940751-01A8-4257-92DC-3F2EE3411999}.Release|x86.ActiveCfg = Release|Win32
		{12940751-01A8-4257-92DC-3F2EE3411999}.Release|x86.Build.0 = Release|Win32
		{97112440-5124-49D2-B7D9-8B541813F5F4}.Debug|x64.ActiveCfg = Debug|x64
		{97112440-5124-49D2-B7D9-8B541813F5F4}.Debug|x64.Build.0 = Debug|x64
		{97112440-5124-49D2-B7D9-8B541813F5F4}.Debug|x86.ActiveCfg = Debug|Win32
		{97112440-5124-49D2-B7D9-8B541813F5F4}.Debug|x86.Build.0 = Debug|Win32
		{97112440-5124-49D2-B7D9-8B541813F5F4}.Release|x64.ActiveCfg = Release|x64
		{97112440-5124-49D2-B7D9-8B541813F5F4}.Release|x64.Build.0 = Release|x64
		{97112440-5124-49D2-B7D9-8B541813F5F4}.Release|x86.ActiveCfg = Release|Win32
		{97112440-5124-49D2-B7D9-8B541813F5F4}.Release|x86.Build.0 = Release|Win32
		{B7DA7B55-21DD-44EF-B3EA-0AD54061EF73}.Debug|x64.ActiveCfg = Debug|x64
		{B7DA7B55-21DD-44EF-B3EA-0AD54061EF73}.Debug|x64.Build.0 = Debug|x64
		{B7DA7B55-21DD-44EF-B3EA-0AD54061EF73}.Debug|x86.ActiveCfg = Debug|Win32
		{B7DA7B55-21DD-44EF-B3EA-0AD54061EF73}.Debug|x86.Build.0 = Debug|Win32
		{B7DA7B55-21DD-44EF-B3EA-0AD54061EF73}.Release|x64.ActiveCfg = Release|x64
		{B7DA7B55-21DD-44EF-B3EA-0AD54061EF73}.Release|x64.Build.0 = Release|x64
		{B7DA7B55-21DD-44EF-B3EA-0AD54061EF73}.Release|x86.ActiveCfg = Release|Win32
		{B7DA7B55-21DD-44EF-B3EA-0AD54061EF73}.Release|x86.Build.0 = Release|Win32
		{44F48EDA-B58A-410D-9F71-29D046F10861}.Debug|x64.ActiveCfg = Debug|x64
		{44F48EDA-B58A-410D-9F71-29D046F10861}.Debug|x64.Build.0 = Debug|x64
		{44F48EDA-B58A-410D-9F71-29D046F10861}.Debug|x86.ActiveCfg = Debug|Win32
		{44F48EDA-B58A-410D-9F71-29D046F10861}.Debug|x86.Build.0 = Debug|Win32
		{44F48EDA-B58A-410D-9F71-29D046F10861}.Release|x64.ActiveCfg = Release|x64
		{44F48EDA-B58A-410D-9F71-29D046F10861}.Release|x64.Build.0 = Release|x64
		{44F48EDA-B58A-410D-9F71-29D046F10861}.Release|x86.ActiveCfg = Release|Win32
		{44F48EDA-B58A-410D-9F71-29D046F10861}.Release|x86.Build.0 = Release|Win32
	EndGlobalSection
	GlobalSection(SolutionProperties) = preSolution
		HideSolutionNode = FALSE
	EndGlobalSection
	GlobalSection(ExtensibilityGlobals) = postSolution
		SolutionGuid = {ECA35923-3351-442B-9687-89914930293C}
	EndGlobalSection
EndGlobal
