
Microsoft Visual Studio Solution File, Format Version 12.00
# Visual Studio Version 17
VisualStudioVersion = 17.9.34622.214
MinimumVisualStudioVersion = 10.0.40219.1
Project("{8BC9CEB8-8B4A-11D0-8D11-00A0C91BC942}") = "Bai01", "Bai01\Bai01.vcxproj", "{158F90F3-9ED6-4867-A263-D6954BAB9235}"
EndProject
Project("{8BC9CEB8-8B4A-11D0-8D11-00A0C91BC942}") = "Bai02", "Bai02\Bai02.vcxproj", "{4F1BB6B4-4FC4-4914-B55A-43692C6AB8D7}"
EndProject
Project("{8BC9CEB8-8B4A-11D0-8D11-00A0C91BC942}") = "Bai03", "Bai03\Bai03.vcxproj", "{2A5AABE8-FA92-4162-B480-C29413761BB6}"
EndProject
Project("{8BC9CEB8-8B4A-11D0-8D11-00A0C91BC942}") = "Bai04", "Bai04\Bai04.vcxproj", "{32D8DE5D-D680-43D4-83D7-D7AD8FE227B3}"
EndProject
Project("{8BC9CEB8-8B4A-11D0-8D11-00A0C91BC942}") = "Bai05", "Bai05\Bai05.vcxproj", "{94C7228F-5564-4870-A1CB-60E4AEB0D397}"
EndProject
Project("{8BC9CEB8-8B4A-11D0-8D11-00A0C91BC942}") = "Bai06", "Bai06\Bai06.vcxproj", "{0FE8DAA1-970C-4913-A783-4C971DF4F93E}"
EndProject
Project("{8BC9CEB8-8B4A-11D0-8D11-00A0C91BC942}") = "Bai07", "Bai07\Bai07.vcxproj", "{62AE4C23-DCCC-4513-9528-E883B74A88D9}"
EndProject
Project("{8BC9CEB8-8B4A-11D0-8D11-00A0C91BC942}") = "Bai08", "Bai08\Bai08.vcxproj", "{A55963BE-E983-4369-AC3A-0C73FB2BAA44}"
EndProject
Project("{8BC9CEB8-8B4A-11D0-8D11-00A0C91BC942}") = "Bai09", "Bai09\Bai09.vcxproj", "{DDC5F1E3-CB97-4C41-8CDA-E0551BEE6BF2}"
EndProject
Global
	GlobalSection(SolutionConfigurationPlatforms) = preSolution
		Debug|x64 = Debug|x64
		Debug|x86 = Debug|x86
		Release|x64 = Release|x64
		Release|x86 = Release|x86
	EndGlobalSection
	GlobalSection(ProjectConfigurationPlatforms) = postSolution
		{158F90F3-9ED6-4867-A263-D6954BAB9235}.Debug|x64.ActiveCfg = Debug|x64
		{158F90F3-9ED6-4867-A263-D6954BAB9235}.Debug|x64.Build.0 = Debug|x64
		{158F90F3-9ED6-4867-A263-D6954BAB9235}.Debug|x86.ActiveCfg = Debug|Win32
		{158F90F3-9ED6-4867-A263-D6954BAB9235}.Debug|x86.Build.0 = Debug|Win32
		{158F90F3-9ED6-4867-A263-D6954BAB9235}.Release|x64.ActiveCfg = Release|x64
		{158F90F3-9ED6-4867-A263-D6954BAB9235}.Release|x64.Build.0 = Release|x64
		{158F90F3-9ED6-4867-A263-D6954BAB9235}.Release|x86.ActiveCfg = Release|Win32
		{158F90F3-9ED6-4867-A263-D6954BAB9235}.Release|x86.Build.0 = Release|Win32
		{4F1BB6B4-4FC4-4914-B55A-43692C6AB8D7}.Debug|x64.ActiveCfg = Debug|x64
		{4F1BB6B4-4FC4-4914-B55A-43692C6AB8D7}.Debug|x64.Build.0 = Debug|x64
		{4F1BB6B4-4FC4-4914-B55A-43692C6AB8D7}.Debug|x86.ActiveCfg = Debug|Win32
		{4F1BB6B4-4FC4-4914-B55A-43692C6AB8D7}.Debug|x86.Build.0 = Debug|Win32
		{4F1BB6B4-4FC4-4914-B55A-43692C6AB8D7}.Release|x64.ActiveCfg = Release|x64
		{4F1BB6B4-4FC4-4914-B55A-43692C6AB8D7}.Release|x64.Build.0 = Release|x64
		{4F1BB6B4-4FC4-4914-B55A-43692C6AB8D7}.Release|x86.ActiveCfg = Release|Win32
		{4F1BB6B4-4FC4-4914-B55A-43692C6AB8D7}.Release|x86.Build.0 = Release|Win32
		{2A5AABE8-FA92-4162-B480-C29413761BB6}.Debug|x64.ActiveCfg = Debug|x64
		{2A5AABE8-FA92-4162-B480-C29413761BB6}.Debug|x64.Build.0 = Debug|x64
		{2A5AABE8-FA92-4162-B480-C29413761BB6}.Debug|x86.ActiveCfg = Debug|Win32
		{2A5AABE8-FA92-4162-B480-C29413761BB6}.Debug|x86.Build.0 = Debug|Win32
		{2A5AABE8-FA92-4162-B480-C29413761BB6}.Release|x64.ActiveCfg = Release|x64
		{2A5AABE8-FA92-4162-B480-C29413761BB6}.Release|x64.Build.0 = Release|x64
		{2A5AABE8-FA92-4162-B480-C29413761BB6}.Release|x86.ActiveCfg = Release|Win32
		{2A5AABE8-FA92-4162-B480-C29413761BB6}.Release|x86.Build.0 = Release|Win32
		{32D8DE5D-D680-43D4-83D7-D7AD8FE227B3}.Debug|x64.ActiveCfg = Debug|x64
		{32D8DE5D-D680-43D4-83D7-D7AD8FE227B3}.Debug|x64.Build.0 = Debug|x64
		{32D8DE5D-D680-43D4-83D7-D7AD8FE227B3}.Debug|x86.ActiveCfg = Debug|Win32
		{32D8DE5D-D680-43D4-83D7-D7AD8FE227B3}.Debug|x86.Build.0 = Debug|Win32
		{32D8DE5D-D680-43D4-83D7-D7AD8FE227B3}.Release|x64.ActiveCfg = Release|x64
		{32D8DE5D-D680-43D4-83D7-D7AD8FE227B3}.Release|x64.Build.0 = Release|x64
		{32D8DE5D-D680-43D4-83D7-D7AD8FE227B3}.Release|x86.ActiveCfg = Release|Win32
		{32D8DE5D-D680-43D4-83D7-D7AD8FE227B3}.Release|x86.Build.0 = Release|Win32
		{94C7228F-5564-4870-A1CB-60E4AEB0D397}.Debug|x64.ActiveCfg = Debug|x64
		{94C7228F-5564-4870-A1CB-60E4AEB0D397}.Debug|x64.Build.0 = Debug|x64
		{94C7228F-5564-4870-A1CB-60E4AEB0D397}.Debug|x86.ActiveCfg = Debug|Win32
		{94C7228F-5564-4870-A1CB-60E4AEB0D397}.Debug|x86.Build.0 = Debug|Win32
		{94C7228F-5564-4870-A1CB-60E4AEB0D397}.Release|x64.ActiveCfg = Release|x64
		{94C7228F-5564-4870-A1CB-60E4AEB0D397}.Release|x64.Build.0 = Release|x64
		{94C7228F-5564-4870-A1CB-60E4AEB0D397}.Release|x86.ActiveCfg = Release|Win32
		{94C7228F-5564-4870-A1CB-60E4AEB0D397}.Release|x86.Build.0 = Release|Win32
		{0FE8DAA1-970C-4913-A783-4C971DF4F93E}.Debug|x64.ActiveCfg = Debug|x64
		{0FE8DAA1-970C-4913-A783-4C971DF4F93E}.Debug|x64.Build.0 = Debug|x64
		{0FE8DAA1-970C-4913-A783-4C971DF4F93E}.Debug|x86.ActiveCfg = Debug|Win32
		{0FE8DAA1-970C-4913-A783-4C971DF4F93E}.Debug|x86.Build.0 = Debug|Win32
		{0FE8DAA1-970C-4913-A783-4C971DF4F93E}.Release|x64.ActiveCfg = Release|x64
		{0FE8DAA1-970C-4913-A783-4C971DF4F93E}.Release|x64.Build.0 = Release|x64
		{0FE8DAA1-970C-4913-A783-4C971DF4F93E}.Release|x86.ActiveCfg = Release|Win32
		{0FE8DAA1-970C-4913-A783-4C971DF4F93E}.Release|x86.Build.0 = Release|Win32
		{62AE4C23-DCCC-4513-9528-E883B74A88D9}.Debug|x64.ActiveCfg = Debug|x64
		{62AE4C23-DCCC-4513-9528-E883B74A88D9}.Debug|x64.Build.0 = Debug|x64
		{62AE4C23-DCCC-4513-9528-E883B74A88D9}.Debug|x86.ActiveCfg = Debug|Win32
		{62AE4C23-DCCC-4513-9528-E883B74A88D9}.Debug|x86.Build.0 = Debug|Win32
		{62AE4C23-DCCC-4513-9528-E883B74A88D9}.Release|x64.ActiveCfg = Release|x64
		{62AE4C23-DCCC-4513-9528-E883B74A88D9}.Release|x64.Build.0 = Release|x64
		{62AE4C23-DCCC-4513-9528-E883B74A88D9}.Release|x86.ActiveCfg = Release|Win32
		{62AE4C23-DCCC-4513-9528-E883B74A88D9}.Release|x86.Build.0 = Release|Win32
		{A55963BE-E983-4369-AC3A-0C73FB2BAA44}.Debug|x64.ActiveCfg = Debug|x64
		{A55963BE-E983-4369-AC3A-0C73FB2BAA44}.Debug|x64.Build.0 = Debug|x64
		{A55963BE-E983-4369-AC3A-0C73FB2BAA44}.Debug|x86.ActiveCfg = Debug|Win32
		{A55963BE-E983-4369-AC3A-0C73FB2BAA44}.Debug|x86.Build.0 = Debug|Win32
		{A55963BE-E983-4369-AC3A-0C73FB2BAA44}.Release|x64.ActiveCfg = Release|x64
		{A55963BE-E983-4369-AC3A-0C73FB2BAA44}.Release|x64.Build.0 = Release|x64
		{A55963BE-E983-4369-AC3A-0C73FB2BAA44}.Release|x86.ActiveCfg = Release|Win32
		{A55963BE-E983-4369-AC3A-0C73FB2BAA44}.Release|x86.Build.0 = Release|Win32
		{DDC5F1E3-CB97-4C41-8CDA-E0551BEE6BF2}.Debug|x64.ActiveCfg = Debug|x64
		{DDC5F1E3-CB97-4C41-8CDA-E0551BEE6BF2}.Debug|x64.Build.0 = Debug|x64
		{DDC5F1E3-CB97-4C41-8CDA-E0551BEE6BF2}.Debug|x86.ActiveCfg = Debug|Win32
		{DDC5F1E3-CB97-4C41-8CDA-E0551BEE6BF2}.Debug|x86.Build.0 = Debug|Win32
		{DDC5F1E3-CB97-4C41-8CDA-E0551BEE6BF2}.Release|x64.ActiveCfg = Release|x64
		{DDC5F1E3-CB97-4C41-8CDA-E0551BEE6BF2}.Release|x64.Build.0 = Release|x64
		{DDC5F1E3-CB97-4C41-8CDA-E0551BEE6BF2}.Release|x86.ActiveCfg = Release|Win32
		{DDC5F1E3-CB97-4C41-8CDA-E0551BEE6BF2}.Release|x86.Build.0 = Release|Win32
	EndGlobalSection
	GlobalSection(SolutionProperties) = preSolution
		HideSolutionNode = FALSE
	EndGlobalSection
	GlobalSection(ExtensibilityGlobals) = postSolution
		SolutionGuid = {914CAC2A-7C51-4A3C-86E1-4D47972FBE28}
	EndGlobalSection
EndGlobal
